{
  "requires": true,
  "lockfileVersion": 1,
  "dependencies": {
    "@formatjs/ecma402-abstract": {
      "version": "1.6.3",
      "resolved": "https://registry.npmjs.org/@formatjs/ecma402-abstract/-/ecma402-abstract-1.6.3.tgz",
      "integrity": "sha512-7ijswObmYXabVy5GvcpKG29jbyJ9rGtFdRBdmdQvoDmMo0PwlOl/L08GtrjA4YWLAZ0j2owb2YrRLGNAvLBk+Q==",
      "dev": true,
      "requires": {
        "tslib": "^2.1.0"
      }
    },
    "@formatjs/intl": {
      "version": "1.8.4",
      "resolved": "https://registry.npmjs.org/@formatjs/intl/-/intl-1.8.4.tgz",
      "integrity": "sha512-m0/5ZRQZZfzXmeDieoG8kxu3QRvJazv2VbXhROs5khJKfUKu1rz6xfuUrh3gkmydWYtHuwJDIoC9oGR0ik4+/g==",
      "dev": true,
      "requires": {
        "@formatjs/ecma402-abstract": "1.6.3",
        "@formatjs/intl-displaynames": "4.0.11",
        "@formatjs/intl-listformat": "5.0.12",
        "fast-memoize": "^2.5.2",
        "intl-messageformat": "9.5.3",
        "intl-messageformat-parser": "6.4.3",
        "tslib": "^2.1.0"
      }
    },
    "@formatjs/intl-displaynames": {
      "version": "4.0.11",
      "resolved": "https://registry.npmjs.org/@formatjs/intl-displaynames/-/intl-displaynames-4.0.11.tgz",
      "integrity": "sha512-e3917+HmXStxb2fNP3sOr3R1DMALdWrUteBb3nerA2AKa12mXwmL0lDavrdltwZWqF7/Egh8fF/esB0Z/fqOgQ==",
      "dev": true,
      "requires": {
        "@formatjs/ecma402-abstract": "1.6.3",
        "tslib": "^2.1.0"
      }
    },
    "@formatjs/intl-listformat": {
      "version": "5.0.12",
      "resolved": "https://registry.npmjs.org/@formatjs/intl-listformat/-/intl-listformat-5.0.12.tgz",
      "integrity": "sha512-xWAndG73lqJ1+ar6SljCpM9nUsi2YoZfKi45F2YZRSxtUx4JbWYkhpbroOwxjCQ8ppZFoPc2mlLZjhPZiTyG7g==",
      "dev": true,
      "requires": {
        "@formatjs/ecma402-abstract": "1.6.3",
        "tslib": "^2.1.0"
      }
    },
    "@types/hoist-non-react-statics": {
      "version": "3.3.1",
      "resolved": "https://registry.npmjs.org/@types/hoist-non-react-statics/-/hoist-non-react-statics-3.3.1.tgz",
      "integrity": "sha512-iMIqiko6ooLrTh1joXodJK5X9xeEALT1kM5G3ZLhD3hszxBdIEd5C75U834D9mLcINgD4OyZf5uQXjkuYydWvA==",
      "dev": true,
      "requires": {
        "@types/react": "*",
        "hoist-non-react-statics": "^3.3.0"
      }
    },
    "@types/prop-types": {
      "version": "15.7.3",
      "resolved": "https://registry.npmjs.org/@types/prop-types/-/prop-types-15.7.3.tgz",
      "integrity": "sha512-KfRL3PuHmqQLOG+2tGpRO26Ctg+Cq1E01D2DMriKEATHgWLfeNDmq9e29Q9WIky0dQ3NPkd1mzYH8Lm936Z9qw==",
      "dev": true
    },
    "@types/react": {
      "version": "17.0.3",
      "resolved": "https://registry.npmjs.org/@types/react/-/react-17.0.3.tgz",
      "integrity": "sha512-wYOUxIgs2HZZ0ACNiIayItyluADNbONl7kt8lkLjVK8IitMH5QMyAh75Fwhmo37r1m7L2JaFj03sIfxBVDvRAg==",
      "dev": true,
      "requires": {
        "@types/prop-types": "*",
        "@types/scheduler": "*",
        "csstype": "^3.0.2"
      }
    },
    "@types/react-intl": {
      "version": "3.0.0",
      "resolved": "https://registry.npmjs.org/@types/react-intl/-/react-intl-3.0.0.tgz",
      "integrity": "sha512-k8F3d05XQGEqSWIfK97bBjZe4z9RruXU9Wa7OZ2iUC5pdeIpzuQDZe/9C2J3Xir5//ZtAkhcv08Wfx3n5TBTQg==",
      "dev": true,
      "requires": {
        "react-intl": "*"
      }
    },
    "@types/scheduler": {
      "version": "0.16.1",
      "resolved": "https://registry.npmjs.org/@types/scheduler/-/scheduler-0.16.1.tgz",
      "integrity": "sha512-EaCxbanVeyxDRTQBkdLb3Bvl/HK7PBK6UJjsSixB0iHKoWxE5uu2Q/DgtpOhPIojN0Zl1whvOd7PoHs2P0s5eA==",
      "dev": true
    },
    "csstype": {
      "version": "3.0.7",
      "resolved": "https://registry.npmjs.org/csstype/-/csstype-3.0.7.tgz",
      "integrity": "sha512-KxnUB0ZMlnUWCsx2Z8MUsr6qV6ja1w9ArPErJaJaF8a5SOWoHLIszeCTKGRGRgtLgYrs1E8CHkNSP1VZTTPc9g==",
      "dev": true
    },
    "fast-memoize": {
      "version": "2.5.2",
      "resolved": "https://registry.npmjs.org/fast-memoize/-/fast-memoize-2.5.2.tgz",
      "integrity": "sha512-Ue0LwpDYErFbmNnZSF0UH6eImUwDmogUO1jyE+JbN2gsQz/jICm1Ve7t9QT0rNSsfJt+Hs4/S3GnsDVjL4HVrw==",
      "dev": true
    },
    "hoist-non-react-statics": {
      "version": "3.3.2",
      "resolved": "https://registry.npmjs.org/hoist-non-react-statics/-/hoist-non-react-statics-3.3.2.tgz",
      "integrity": "sha512-/gGivxi8JPKWNm/W0jSmzcMPpfpPLc3dY/6GxhX2hQ9iGj3aDfklV4ET7NjKpSinLpJ5vafa9iiGIEZg10SfBw==",
      "dev": true,
      "requires": {
        "react-is": "^16.7.0"
      }
    },
    "intl-messageformat": {
      "version": "9.5.3",
      "resolved": "https://registry.npmjs.org/intl-messageformat/-/intl-messageformat-9.5.3.tgz",
      "integrity": "sha512-Ei8vH41/icJsc16ZfWk1FzZ2SpaVn0gElXsQCKKPerxK/28m1gVdH0G26GuCqAyz5ETEJiSRn8sPMaSWJDuTjg==",
      "dev": true,
      "requires": {
        "fast-memoize": "^2.5.2",
        "intl-messageformat-parser": "6.4.3",
        "tslib": "^2.1.0"
      }
    },
    "intl-messageformat-parser": {
      "version": "6.4.3",
      "resolved": "https://registry.npmjs.org/intl-messageformat-parser/-/intl-messageformat-parser-6.4.3.tgz",
      "integrity": "sha512-gpB7OeKDSd9wqjIQ7wVQM9byrpMlokGoUfJND7DS9SjoBbOsZIHAHw+lrmAWYmq+MI3WQUeLouSFdYAZ6zSX9A==",
      "dev": true,
      "requires": {
        "@formatjs/ecma402-abstract": "1.6.3",
        "tslib": "^2.1.0"
      }
    },
    "react-intl": {
      "version": "5.13.5",
      "resolved": "https://registry.npmjs.org/react-intl/-/react-intl-5.13.5.tgz",
      "integrity": "sha512-Ym6knnC04k070vwe3UDcRHQUDE2rGn1PNfmYNhDHVPL6vbusuFbefjnt8ZC1GEjnfo29WUHn/tkGd9SMudzD+g==",
      "dev": true,
      "requires": {
        "@formatjs/ecma402-abstract": "1.6.3",
        "@formatjs/intl": "1.8.4",
        "@formatjs/intl-displaynames": "4.0.11",
        "@formatjs/intl-listformat": "5.0.12",
        "@types/hoist-non-react-statics": "^3.3.1",
        "hoist-non-react-statics": "^3.3.2",
        "intl-messageformat": "9.5.3",
        "intl-messageformat-parser": "6.4.3",
        "tslib": "^2.1.0"
      }
    },
    "react-is": {
      "version": "16.13.1",
      "resolved": "https://registry.npmjs.org/react-is/-/react-is-16.13.1.tgz",
      "integrity": "sha512-24e6ynE2H+OKt4kqsOvNd8kBpV65zoxbA4BVsEOB3ARVWQki/DHzaUoC5KuON/BiccDaCCTZBuOcfZs70kR8bQ==",
      "dev": true
    },
    "tslib": {
      "version": "2.1.0",
      "resolved": "https://registry.npmjs.org/tslib/-/tslib-2.1.0.tgz",
      "integrity": "sha512-hcVC3wYEziELGGmEEXue7D75zbwIIVUMWAVbHItGPx0ziyXxrOMQx4rQEVEV45Ut/1IotuEvwqPopzIOkDMf0A==",
      "dev": true
    }
  }
}
